
Microsoft Visual Studio Solution File, Format Version 12.00
# Visual Studio 15
VisualStudioVersion = 15.0.28010.2046
MinimumVisualStudioVersion = 10.0.40219.1
Project("{8BC9CEB8-8B4A-11D0-8D11-00A0C91BC942}") = "ClassesAndObjects", "ClassesAndObjects\ClassesAndObjects.vcxproj", "{7770C305-80D9-41B5-9AE1-439006430C2C}"
EndProject
Global
	GlobalSection(SolutionConfigurationPlatforms) = preSolution
		Debug|x64 = Debug|x64
		Debug|x86 = Debug|x86
		Release|x64 = Release|x64
		Release|x86 = Release|x86
	EndGlobalSection
	GlobalSection(ProjectConfigurationPlatforms) = postSolution
		{7770C305-80D9-41B5-9AE1-439006430C2C}.Debug|x64.ActiveCfg = Debug|x64
		{7770C305-80D9-41B5-9AE1-439006430C2C}.Debug|x64.Build.0 = Debug|x64
		{7770C305-80D9-41B5-9AE1-439006430C2C}.Debug|x86.ActiveCfg = Debug|Win32
		{7770C305-80D9-41B5-9AE1-439006430C2C}.Debug|x86.Build.0 = Debug|Win32
		{7770C305-80D9-41B5-9AE1-439006430C2C}.Release|x64.ActiveCfg = Release|x64
		{7770C305-80D9-41B5-9AE1-439006430C2C}.Release|x64.Build.0 = Release|x64
		{7770C305-80D9-41B5-9AE1-439006430C2C}.Release|x86.ActiveCfg = Release|Win32
		{7770C305-80D9-41B5-9AE1-439006430C2C}.Release|x86.Build.0 = Release|Win32
	EndGlobalSection
	GlobalSection(SolutionProperties) = preSolution
		HideSolutionNode = FALSE
	EndGlobalSection
	GlobalSection(ExtensibilityGlobals) = postSolution
		SolutionGuid = {EAEB9A5E-A7E4-4B04-A8E2-3CF01C06F8D8}
	EndGlobalSection
EndGlobal
