
Microsoft Visual Studio Solution File, Format Version 12.00
# Visual Studio 15
VisualStudioVersion = 15.0.28010.2046
MinimumVisualStudioVersion = 10.0.40219.1
Project("{8BC9CEB8-8B4A-11D0-8D11-00A0C91BC942}") = "FreeStore", "FreeStore\FreeStore.vcxproj", "{313A6E4D-482E-40CA-9F7F-FFF5836EFFF4}"
EndProject
Global
	GlobalSection(SolutionConfigurationPlatforms) = preSolution
		Debug|x64 = Debug|x64
		Debug|x86 = Debug|x86
		Release|x64 = Release|x64
		Release|x86 = Release|x86
	EndGlobalSection
	GlobalSection(ProjectConfigurationPlatforms) = postSolution
		{313A6E4D-482E-40CA-9F7F-FFF5836EFFF4}.Debug|x64.ActiveCfg = Debug|x64
		{313A6E4D-482E-40CA-9F7F-FFF5836EFFF4}.Debug|x64.Build.0 = Debug|x64
		{313A6E4D-482E-40CA-9F7F-FFF5836EFFF4}.Debug|x86.ActiveCfg = Debug|Win32
		{313A6E4D-482E-40CA-9F7F-FFF5836EFFF4}.Debug|x86.Build.0 = Debug|Win32
		{313A6E4D-482E-40CA-9F7F-FFF5836EFFF4}.Release|x64.ActiveCfg = Release|x64
		{313A6E4D-482E-40CA-9F7F-FFF5836EFFF4}.Release|x64.Build.0 = Release|x64
		{313A6E4D-482E-40CA-9F7F-FFF5836EFFF4}.Release|x86.ActiveCfg = Release|Win32
		{313A6E4D-482E-40CA-9F7F-FFF5836EFFF4}.Release|x86.Build.0 = Release|Win32
	EndGlobalSection
	GlobalSection(SolutionProperties) = preSolution
		HideSolutionNode = FALSE
	EndGlobalSection
	GlobalSection(ExtensibilityGlobals) = postSolution
		SolutionGuid = {85D33110-B33A-42B3-81FA-8CF323C64865}
	EndGlobalSection
EndGlobal
